github.com/VictoriaMetrics/metrics v1.17.2 h1:9zPJ7DPfxdJWshOGLPLpAtPL0ZZ9AeUyQC3fIqG6Lvo=
github.com/VictoriaMetrics/metrics v1.17.2/go.mod h1:Z1tSfPfngDn12bTfZSCqArT3OPY3u88J12hSoOhuiRE=
github.com/cactus/go-statsd-client v3.2.1+incompatible h1:hSd8ARQzCrnKQUWKdOBbwhU1nGR/al1oiT1AeBzoaTY=
github.com/cactus/go-statsd-client v3.2.1+incompatible/go.mod h1:cMRcwZDklk7hXp+Law83urTHUiHMzCev/r4JMYr/zU0=
github.com/cactus/go-statsd-client/v4 v4.0.0 h1:cjO9CI3GAHtj/Vmmt1/BRq8+hf5MXy/Pr/CM6Dy4dp0=
github.com/cactus/go-statsd-client/v4 v4.0.0/go.mod h1:m73kwJp6TN0Ja9P6ycdZhWM1MlfxY/95WZ//IptPQ+Y=
github.com/cactus/go-statsd-client/v5 v5.0.0 h1:KqvIQtc9qt34uq+nu4nd1PwingWfBt/IISgtUQ2nSJk=
github.com/cactus/go-statsd-client/v5 v5.0.0/go.mod h1:COEvJ1E+/E2L4q6QE5CkjWPi4eeDw9maJBMIuMPBZbY=
github.com/davecgh/go-spew v1.1.0 h1:ZDRjVQ15GmhC3fiQ8ni8+OwkZQO4DARzQgrnXU1Liz8=
github.com/davecgh/go-spew v1.1.0/go.mod h1:J7Y8YcW2NihsgmVo/mv3lAwl/skON4iLHjSsI+c5H38=
github.com/jessevdk/go-flags v1.4.0/go.mod h1:4FA24M0QyGHXBuZZK/XkWh8h0e1EYbRYJSGM75WSRxI=
github.com/pmezard/go-difflib v1.0.0 h1:4DBwDE0NGyQoBHbLQYPwSUPoCMWR5BEzIk/f1lZbAQM=
github.com/pmezard/go-difflib v1.0.0/go.mod h1:iKH77koFhYxTK1pcRnkKkqfTogsbg7gZNVY4sRDYZ/4=
github.com/stretchr/objx v0.1.0/go.mod h1:HFkY916IF+rwdDfMAkV7OtwuqBVzrE8GR6GFx+wExME=
github.com/stretchr/testify v1.7.0 h1:nwc3DEeHmmLAfoZucVR881uASk0Mfjw8xYJ99tb5CcY=
github.com/stretchr/testify v1.7.0/go.mod h1:6Fq8oRcR53rry900zMqJjRRixrwX3KX962/h/Wwjteg=
github.com/valyala/fastrand v1.0.0 h1:LUKT9aKer2dVQNUi3waewTbKV+7H17kvWFNKs2ObdkI=
github.com/valyala/fastrand v1.0.0/go.mod h1:HWqCzkrkg6QXT8V2EXWvXCoow7vLwOFN002oeRzjapQ=
github.com/valyala/histogram v1.1.2 h1:vOk5VrGjMBIoPR5k6wA8vBaC8toeJ8XO0yfRjFEc1h8=
github.com/valyala/histogram v1.1.2/go.mod h1:CZAr6gK9dbD7hYx2s8WSPh0p5x5wETjC+2b3PJVtEdg=
gopkg.in/check.v1 v0.0.0-20161208181325-20d25e280405 h1:yhCVgyC4o1eVCa2tZl7eS0r+SDo693bJlVdllGtEeKM=
gopkg.in/check.v1 v0.0.0-20161208181325-20d25e280405/go.mod h1:Co6ibVJAznAaIkqp8huTwlJQCZ016jof/cbN4VW5Yz0=
gopkg.in/yaml.v3 v3.0.0-20200313102051-9f266ea9e77c h1:dUUwHk2QECo/6vqA44rthZ8ie2QXMNeKRTHCNY2nXvo=
gopkg.in/yaml.v3 v3.0.0-20200313102051-9f266ea9e77c/go.mod h1:K4uyk7z7BCEPqu6E+C64Yfv1cQ7kz7rIZviUmN+EgEM=
